
Microsoft Visual Studio Solution File, Format Version 12.00
# Visual Studio Version 16
VisualStudioVersion = 16.0.29411.108
MinimumVisualStudioVersion = 10.0.40219.1
Project("{9A19103F-16F7-4668-BE54-9A1E7A4F7556}") = "Singleton", "Singleton\Singleton.csproj", "{C661DD49-0AE5-4588-9CAF-3DA77099D03A}"
EndProject
Project("{9A19103F-16F7-4668-BE54-9A1E7A4F7556}") = "FactoryMethod", "FactoryMethod\FactoryMethod.csproj", "{F57070A4-F364-4B7E-885E-9EE1CC3A934F}"
EndProject
Project("{9A19103F-16F7-4668-BE54-9A1E7A4F7556}") = "AbstractFactory", "AbstractFactory\AbstractFactory.csproj", "{1FEA26C2-B8BB-4117-A146-FE33626F3CAA}"
EndProject
Project("{9A19103F-16F7-4668-BE54-9A1E7A4F7556}") = "Observer", "Observer\Observer.csproj", "{38F9147F-02DD-49F4-AF07-ECC025631F46}"
EndProject
Project("{FAE04EC0-301F-11D3-BF4B-00C04F79EFBC}") = "Adapter", "Adapter\Adapter.csproj", "{DDB33822-BE34-427A-86F9-0AED75888DA6}"
EndProject
Global
	GlobalSection(SolutionConfigurationPlatforms) = preSolution
		Debug|Any CPU = Debug|Any CPU
		Release|Any CPU = Release|Any CPU
	EndGlobalSection
	GlobalSection(ProjectConfigurationPlatforms) = postSolution
		{C661DD49-0AE5-4588-9CAF-3DA77099D03A}.Debug|Any CPU.ActiveCfg = Debug|Any CPU
		{C661DD49-0AE5-4588-9CAF-3DA77099D03A}.Debug|Any CPU.Build.0 = Debug|Any CPU
		{C661DD49-0AE5-4588-9CAF-3DA77099D03A}.Release|Any CPU.ActiveCfg = Release|Any CPU
		{C661DD49-0AE5-4588-9CAF-3DA77099D03A}.Release|Any CPU.Build.0 = Release|Any CPU
		{F57070A4-F364-4B7E-885E-9EE1CC3A934F}.Debug|Any CPU.ActiveCfg = Debug|Any CPU
		{F57070A4-F364-4B7E-885E-9EE1CC3A934F}.Debug|Any CPU.Build.0 = Debug|Any CPU
		{F57070A4-F364-4B7E-885E-9EE1CC3A934F}.Release|Any CPU.ActiveCfg = Release|Any CPU
		{F57070A4-F364-4B7E-885E-9EE1CC3A934F}.Release|Any CPU.Build.0 = Release|Any CPU
		{1FEA26C2-B8BB-4117-A146-FE33626F3CAA}.Debug|Any CPU.ActiveCfg = Debug|Any CPU
		{1FEA26C2-B8BB-4117-A146-FE33626F3CAA}.Debug|Any CPU.Build.0 = Debug|Any CPU
		{1FEA26C2-B8BB-4117-A146-FE33626F3CAA}.Release|Any CPU.ActiveCfg = Release|Any CPU
		{1FEA26C2-B8BB-4117-A146-FE33626F3CAA}.Release|Any CPU.Build.0 = Release|Any CPU
		{38F9147F-02DD-49F4-AF07-ECC025631F46}.Debug|Any CPU.ActiveCfg = Debug|Any CPU
		{38F9147F-02DD-49F4-AF07-ECC025631F46}.Debug|Any CPU.Build.0 = Debug|Any CPU
		{38F9147F-02DD-49F4-AF07-ECC025631F46}.Release|Any CPU.ActiveCfg = Release|Any CPU
		{38F9147F-02DD-49F4-AF07-ECC025631F46}.Release|Any CPU.Build.0 = Release|Any CPU
		{DDB33822-BE34-427A-86F9-0AED75888DA6}.Debug|Any CPU.ActiveCfg = Debug|Any CPU
		{DDB33822-BE34-427A-86F9-0AED75888DA6}.Debug|Any CPU.Build.0 = Debug|Any CPU
		{DDB33822-BE34-427A-86F9-0AED75888DA6}.Release|Any CPU.ActiveCfg = Release|Any CPU
		{DDB33822-BE34-427A-86F9-0AED75888DA6}.Release|Any CPU.Build.0 = Release|Any CPU
	EndGlobalSection
	GlobalSection(SolutionProperties) = preSolution
		HideSolutionNode = FALSE
	EndGlobalSection
	GlobalSection(ExtensibilityGlobals) = postSolution
		SolutionGuid = {1DBA5A2E-6A91-4210-8859-1BD9B9243C5D}
	EndGlobalSection
EndGlobal
